// !$*UTF8*$!
{
	archiveVersion = 1;
	classes = {
	};
	objectVersion = 50;
	objects = {

/* Begin PBXBuildFile section */
		30B23D57253673BF00CA919D /* CoordAppApp.swift in Sources */ = {isa = PBXBuildFile; fileRef = 30B23D56253673BF00CA919D /* CoordAppApp.swift */; };
		30B23D59253673BF00CA919D /* ContentView.swift in Sources */ = {isa = PBXBuildFile; fileRef = 30B23D58253673BF00CA919D /* ContentView.swift */; };
		30B23D5B253673C000CA919D /* Assets.xcassets in Resources */ = {isa = PBXBuildFile; fileRef = 30B23D5A253673C000CA919D /* Assets.xcassets */; };
		30B23D5E253673C000CA919D /* Preview Assets.xcassets in Resources */ = {isa = PBXBuildFile; fileRef = 30B23D5D253673C000CA919D /* Preview Assets.xcassets */; };
		30B23D69253673C000CA919D /* CoordAppTests.swift in Sources */ = {isa = PBXBuildFile; fileRef = 30B23D68253673C000CA919D /* CoordAppTests.swift */; };
		30B23D74253673C000CA919D /* CoordAppUITests.swift in Sources */ = {isa = PBXBuildFile; fileRef = 30B23D73253673C000CA919D /* CoordAppUITests.swift */; };
		30EFC4D325447D0A004E5B17 /* FSCalendarAppearance.m in Sources */ = {isa = PBXBuildFile; fileRef = 30EFC4B225447D09004E5B17 /* FSCalendarAppearance.m */; };
		30EFC4D425447D0B004E5B17 /* FSCalendarAppearance.m in Sources */ = {isa = PBXBuildFile; fileRef = 30EFC4B225447D09004E5B17 /* FSCalendarAppearance.m */; };
		30EFC4D525447D0B004E5B17 /* FSCalendarAppearance.m in Sources */ = {isa = PBXBuildFile; fileRef = 30EFC4B225447D09004E5B17 /* FSCalendarAppearance.m */; };
		30EFC4D625447D0B004E5B17 /* FSCalendarDelegationFactory.m in Sources */ = {isa = PBXBuildFile; fileRef = 30EFC4B325447D09004E5B17 /* FSCalendarDelegationFactory.m */; };
		30EFC4D725447D0B004E5B17 /* FSCalendarDelegationFactory.m in Sources */ = {isa = PBXBuildFile; fileRef = 30EFC4B325447D09004E5B17 /* FSCalendarDelegationFactory.m */; };
		30EFC4D825447D0B004E5B17 /* FSCalendarDelegationFactory.m in Sources */ = {isa = PBXBuildFile; fileRef = 30EFC4B325447D09004E5B17 /* FSCalendarDelegationFactory.m */; };
		30EFC4D925447D0B004E5B17 /* FSCalendarWeekdayView.m in Sources */ = {isa = PBXBuildFile; fileRef = 30EFC4B925447D09004E5B17 /* FSCalendarWeekdayView.m */; };
		30EFC4DA25447D0B004E5B17 /* FSCalendarWeekdayView.m in Sources */ = {isa = PBXBuildFile; fileRef = 30EFC4B925447D09004E5B17 /* FSCalendarWeekdayView.m */; };
		30EFC4DB25447D0B004E5B17 /* FSCalendarWeekdayView.m in Sources */ = {isa = PBXBuildFile; fileRef = 30EFC4B925447D09004E5B17 /* FSCalendarWeekdayView.m */; };
		30EFC4DC25447D0B004E5B17 /* FSCalendarCell.m in Sources */ = {isa = PBXBuildFile; fileRef = 30EFC4BB25447D09004E5B17 /* FSCalendarCell.m */; };
		30EFC4DD25447D0B004E5B17 /* FSCalendarCell.m in Sources */ = {isa = PBXBuildFile; fileRef = 30EFC4BB25447D09004E5B17 /* FSCalendarCell.m */; };
		30EFC4DE25447D0B004E5B17 /* FSCalendarCell.m in Sources */ = {isa = PBXBuildFile; fileRef = 30EFC4BB25447D09004E5B17 /* FSCalendarCell.m */; };
		30EFC4DF25447D0B004E5B17 /* FSCalendar.m in Sources */ = {isa = PBXBuildFile; fileRef = 30EFC4BD25447D0A004E5B17 /* FSCalendar.m */; };
		30EFC4E025447D0B004E5B17 /* FSCalendar.m in Sources */ = {isa = PBXBuildFile; fileRef = 30EFC4BD25447D0A004E5B17 /* FSCalendar.m */; };
		30EFC4E125447D0B004E5B17 /* FSCalendar.m in Sources */ = {isa = PBXBuildFile; fileRef = 30EFC4BD25447D0A004E5B17 /* FSCalendar.m */; };
		30EFC4E225447D0B004E5B17 /* Info.plist in Resources */ = {isa = PBXBuildFile; fileRef = 30EFC4BE25447D0A004E5B17 /* Info.plist */; };
		30EFC4E325447D0B004E5B17 /* Info.plist in Resources */ = {isa = PBXBuildFile; fileRef = 30EFC4BE25447D0A004E5B17 /* Info.plist */; };
		30EFC4E425447D0B004E5B17 /* Info.plist in Resources */ = {isa = PBXBuildFile; fileRef = 30EFC4BE25447D0A004E5B17 /* Info.plist */; };
		30EFC4E525447D0B004E5B17 /* FSCalendarExtensions.m in Sources */ = {isa = PBXBuildFile; fileRef = 30EFC4C625447D0A004E5B17 /* FSCalendarExtensions.m */; };
		30EFC4E625447D0B004E5B17 /* FSCalendarExtensions.m in Sources */ = {isa = PBXBuildFile; fileRef = 30EFC4C625447D0A004E5B17 /* FSCalendarExtensions.m */; };
		30EFC4E725447D0B004E5B17 /* FSCalendarExtensions.m in Sources */ = {isa = PBXBuildFile; fileRef = 30EFC4C625447D0A004E5B17 /* FSCalendarExtensions.m */; };
		30EFC4E825447D0B004E5B17 /* FSCalendarStickyHeader.m in Sources */ = {isa = PBXBuildFile; fileRef = 30EFC4C725447D0A004E5B17 /* FSCalendarStickyHeader.m */; };
		30EFC4E925447D0B004E5B17 /* FSCalendarStickyHeader.m in Sources */ = {isa = PBXBuildFile; fileRef = 30EFC4C725447D0A004E5B17 /* FSCalendarStickyHeader.m */; };
		30EFC4EA25447D0B004E5B17 /* FSCalendarStickyHeader.m in Sources */ = {isa = PBXBuildFile; fileRef = 30EFC4C725447D0A004E5B17 /* FSCalendarStickyHeader.m */; };
		30EFC4EB25447D0B004E5B17 /* FSCalendarCalculator.m in Sources */ = {isa = PBXBuildFile; fileRef = 30EFC4C825447D0A004E5B17 /* FSCalendarCalculator.m */; };
		30EFC4EC25447D0B004E5B17 /* FSCalendarCalculator.m in Sources */ = {isa = PBXBuildFile; fileRef = 30EFC4C825447D0A004E5B17 /* FSCalendarCalculator.m */; };
		30EFC4ED25447D0B004E5B17 /* FSCalendarCalculator.m in Sources */ = {isa = PBXBuildFile; fileRef = 30EFC4C825447D0A004E5B17 /* FSCalendarCalculator.m */; };
		30EFC4EE25447D0B004E5B17 /* FSCalendarCollectionViewLayout.m in Sources */ = {isa = PBXBuildFile; fileRef = 30EFC4C925447D0A004E5B17 /* FSCalendarCollectionViewLayout.m */; };
		30EFC4EF25447D0B004E5B17 /* FSCalendarCollectionViewLayout.m in Sources */ = {isa = PBXBuildFile; fileRef = 30EFC4C925447D0A004E5B17 /* FSCalendarCollectionViewLayout.m */; };
		30EFC4F025447D0B004E5B17 /* FSCalendarCollectionViewLayout.m in Sources */ = {isa = PBXBuildFile; fileRef = 30EFC4C925447D0A004E5B17 /* FSCalendarCollectionViewLayout.m */; };
		30EFC4F125447D0B004E5B17 /* FSCalendarConstants.m in Sources */ = {isa = PBXBuildFile; fileRef = 30EFC4CA25447D0A004E5B17 /* FSCalendarConstants.m */; };
		30EFC4F225447D0B004E5B17 /* FSCalendarConstants.m in Sources */ = {isa = PBXBuildFile; fileRef = 30EFC4CA25447D0A004E5B17 /* FSCalendarConstants.m */; };
		30EFC4F325447D0B004E5B17 /* FSCalendarConstants.m in Sources */ = {isa = PBXBuildFile; fileRef = 30EFC4CA25447D0A004E5B17 /* FSCalendarConstants.m */; };
		30EFC4F425447D0B004E5B17 /* FSCalendarCollectionView.m in Sources */ = {isa = PBXBuildFile; fileRef = 30EFC4CB25447D0A004E5B17 /* FSCalendarCollectionView.m */; };
		30EFC4F525447D0B004E5B17 /* FSCalendarCollectionView.m in Sources */ = {isa = PBXBuildFile; fileRef = 30EFC4CB25447D0A004E5B17 /* FSCalendarCollectionView.m */; };
		30EFC4F625447D0B004E5B17 /* FSCalendarCollectionView.m in Sources */ = {isa = PBXBuildFile; fileRef = 30EFC4CB25447D0A004E5B17 /* FSCalendarCollectionView.m */; };
		30EFC4F725447D0B004E5B17 /* FSCalendarTransitionCoordinator.m in Sources */ = {isa = PBXBuildFile; fileRef = 30EFC4CC25447D0A004E5B17 /* FSCalendarTransitionCoordinator.m */; };
		30EFC4F825447D0B004E5B17 /* FSCalendarTransitionCoordinator.m in Sources */ = {isa = PBXBuildFile; fileRef = 30EFC4CC25447D0A004E5B17 /* FSCalendarTransitionCoordinator.m */; };
		30EFC4F925447D0B004E5B17 /* FSCalendarTransitionCoordinator.m in Sources */ = {isa = PBXBuildFile; fileRef = 30EFC4CC25447D0A004E5B17 /* FSCalendarTransitionCoordinator.m */; };
		30EFC4FA25447D0B004E5B17 /* FSCalendarSeparatorDecorationView.m in Sources */ = {isa = PBXBuildFile; fileRef = 30EFC4CE25447D0A004E5B17 /* FSCalendarSeparatorDecorationView.m */; };
		30EFC4FB25447D0B004E5B17 /* FSCalendarSeparatorDecorationView.m in Sources */ = {isa = PBXBuildFile; fileRef = 30EFC4CE25447D0A004E5B17 /* FSCalendarSeparatorDecorationView.m */; };
		30EFC4FC25447D0B004E5B17 /* FSCalendarSeparatorDecorationView.m in Sources */ = {isa = PBXBuildFile; fileRef = 30EFC4CE25447D0A004E5B17 /* FSCalendarSeparatorDecorationView.m */; };
		30EFC4FD25447D0B004E5B17 /* FSCalendarHeaderView.m in Sources */ = {isa = PBXBuildFile; fileRef = 30EFC4CF25447D0A004E5B17 /* FSCalendarHeaderView.m */; };
		30EFC4FE25447D0B004E5B17 /* FSCalendarHeaderView.m in Sources */ = {isa = PBXBuildFile; fileRef = 30EFC4CF25447D0A004E5B17 /* FSCalendarHeaderView.m */; };
		30EFC4FF25447D0B004E5B17 /* FSCalendarHeaderView.m in Sources */ = {isa = PBXBuildFile; fileRef = 30EFC4CF25447D0A004E5B17 /* FSCalendarHeaderView.m */; };
		30EFC50025447D0B004E5B17 /* FSCalendarDelegationProxy.m in Sources */ = {isa = PBXBuildFile; fileRef = 30EFC4D125447D0A004E5B17 /* FSCalendarDelegationProxy.m */; };
		30EFC50125447D0B004E5B17 /* FSCalendarDelegationProxy.m in Sources */ = {isa = PBXBuildFile; fileRef = 30EFC4D125447D0A004E5B17 /* FSCalendarDelegationProxy.m */; };
		30EFC50225447D0B004E5B17 /* FSCalendarDelegationProxy.m in Sources */ = {isa = PBXBuildFile; fileRef = 30EFC4D125447D0A004E5B17 /* FSCalendarDelegationProxy.m */; };
		30EFC50F254480F6004E5B17 /* LaunchScreen.xib in Resources */ = {isa = PBXBuildFile; fileRef = 30EFC50E254480F6004E5B17 /* LaunchScreen.xib */; };
		30EFC510254480F6004E5B17 /* LaunchScreen.xib in Resources */ = {isa = PBXBuildFile; fileRef = 30EFC50E254480F6004E5B17 /* LaunchScreen.xib */; };
		30EFC511254480F6004E5B17 /* LaunchScreen.xib in Resources */ = {isa = PBXBuildFile; fileRef = 30EFC50E254480F6004E5B17 /* LaunchScreen.xib */; };
		30EFC5192544810D004E5B17 /* Main.storyboard in Resources */ = {isa = PBXBuildFile; fileRef = 30EFC5182544810D004E5B17 /* Main.storyboard */; };
		30EFC51A2544810D004E5B17 /* Main.storyboard in Resources */ = {isa = PBXBuildFile; fileRef = 30EFC5182544810D004E5B17 /* Main.storyboard */; };
		30EFC51B2544810D004E5B17 /* Main.storyboard in Resources */ = {isa = PBXBuildFile; fileRef = 30EFC5182544810D004E5B17 /* Main.storyboard */; };
		30EFC52325448131004E5B17 /* Assignment.swift in Sources */ = {isa = PBXBuildFile; fileRef = 30EFC52225448131004E5B17 /* Assignment.swift */; };
		30EFC52425448131004E5B17 /* Assignment.swift in Sources */ = {isa = PBXBuildFile; fileRef = 30EFC52225448131004E5B17 /* Assignment.swift */; };
		30EFC52525448131004E5B17 /* Assignment.swift in Sources */ = {isa = PBXBuildFile; fileRef = 30EFC52225448131004E5B17 /* Assignment.swift */; };
		30EFC52C25448222004E5B17 /* CoordApp.app in Resources */ = {isa = PBXBuildFile; fileRef = 30B23D53253673BF00CA919D /* CoordApp.app */; };
/* End PBXBuildFile section */

/* Begin PBXContainerItemProxy section */
		30B23D65253673C000CA919D /* PBXContainerItemProxy */ = {
			isa = PBXContainerItemProxy;
			containerPortal = 30B23D4B253673BF00CA919D /* Project object */;
			proxyType = 1;
			remoteGlobalIDString = 30B23D52253673BF00CA919D;
			remoteInfo = CoordApp;
		};
		30B23D70253673C000CA919D /* PBXContainerItemProxy */ = {
			isa = PBXContainerItemProxy;
			containerPortal = 30B23D4B253673BF00CA919D /* Project object */;
			proxyType = 1;
			remoteGlobalIDString = 30B23D52253673BF00CA919D;
			remoteInfo = CoordApp;
		};
/* End PBXContainerItemProxy section */

/* Begin PBXFileReference section */
		30B23D53253673BF00CA919D /* CoordApp.app */ = {isa = PBXFileReference; explicitFileType = wrapper.application; includeInIndex = 0; path = CoordApp.app; sourceTree = BUILT_PRODUCTS_DIR; };
		30B23D56253673BF00CA919D /* CoordAppApp.swift */ = {isa = PBXFileReference; lastKnownFileType = sourcecode.swift; path = CoordAppApp.swift; sourceTree = "<group>"; };
		30B23D58253673BF00CA919D /* ContentView.swift */ = {isa = PBXFileReference; lastKnownFileType = sourcecode.swift; path = ContentView.swift; sourceTree = "<group>"; };
		30B23D5A253673C000CA919D /* Assets.xcassets */ = {isa = PBXFileReference; lastKnownFileType = folder.assetcatalog; path = Assets.xcassets; sourceTree = "<group>"; };
		30B23D5D253673C000CA919D /* Preview Assets.xcassets */ = {isa = PBXFileReference; lastKnownFileType = folder.assetcatalog; path = "Preview Assets.xcassets"; sourceTree = "<group>"; };
		30B23D5F253673C000CA919D /* Info.plist */ = {isa = PBXFileReference; lastKnownFileType = text.plist.xml; path = Info.plist; sourceTree = "<group>"; };
		30B23D64253673C000CA919D /* CoordAppTests.xctest */ = {isa = PBXFileReference; explicitFileType = wrapper.cfbundle; includeInIndex = 0; path = CoordAppTests.xctest; sourceTree = BUILT_PRODUCTS_DIR; };
		30B23D68253673C000CA919D /* CoordAppTests.swift */ = {isa = PBXFileReference; lastKnownFileType = sourcecode.swift; path = CoordAppTests.swift; sourceTree = "<group>"; };
		30B23D6A253673C000CA919D /* Info.plist */ = {isa = PBXFileReference; lastKnownFileType = text.plist.xml; path = Info.plist; sourceTree = "<group>"; };
		30B23D6F253673C000CA919D /* CoordAppUITests.xctest */ = {isa = PBXFileReference; explicitFileType = wrapper.cfbundle; includeInIndex = 0; path = CoordAppUITests.xctest; sourceTree = BUILT_PRODUCTS_DIR; };
		30B23D73253673C000CA919D /* CoordAppUITests.swift */ = {isa = PBXFileReference; lastKnownFileType = sourcecode.swift; path = CoordAppUITests.swift; sourceTree = "<group>"; };
		30B23D75253673C000CA919D /* Info.plist */ = {isa = PBXFileReference; lastKnownFileType = text.plist.xml; path = Info.plist; sourceTree = "<group>"; };
		30EFC4AA25447D08004E5B17 /* CoordApp-Bridging-Header.h */ = {isa = PBXFileReference; lastKnownFileType = sourcecode.c.h; path = "CoordApp-Bridging-Header.h"; sourceTree = "<group>"; };
		30EFC4AB25447D08004E5B17 /* CoordAppTests-Bridging-Header.h */ = {isa = PBXFileReference; lastKnownFileType = sourcecode.c.h; path = "CoordAppTests-Bridging-Header.h"; sourceTree = "<group>"; };
		30EFC4AC25447D08004E5B17 /* CoordAppUITests-Bridging-Header.h */ = {isa = PBXFileReference; lastKnownFileType = sourcecode.c.h; path = "CoordAppUITests-Bridging-Header.h"; sourceTree = "<group>"; };
		30EFC4AD25447D09004E5B17 /* FSCalendar.h */ = {isa = PBXFileReference; fileEncoding = 4; lastKnownFileType = sourcecode.c.h; path = FSCalendar.h; sourceTree = "<group>"; };
		30EFC4B125447D09004E5B17 /* FSCalendarCollectionView.h */ = {isa = PBXFileReference; fileEncoding = 4; lastKnownFileType = sourcecode.c.h; path = FSCalendarCollectionView.h; sourceTree = "<group>"; };
		30EFC4B225447D09004E5B17 /* FSCalendarAppearance.m */ = {isa = PBXFileReference; fileEncoding = 4; lastKnownFileType = sourcecode.c.objc; path = FSCalendarAppearance.m; sourceTree = "<group>"; };
		30EFC4B325447D09004E5B17 /* FSCalendarDelegationFactory.m */ = {isa = PBXFileReference; fileEncoding = 4; lastKnownFileType = sourcecode.c.objc; path = FSCalendarDelegationFactory.m; sourceTree = "<group>"; };
		30EFC4B425447D09004E5B17 /* FSCalendarConstants.h */ = {isa = PBXFileReference; fileEncoding = 4; lastKnownFileType = sourcecode.c.h; path = FSCalendarConstants.h; sourceTree = "<group>"; };
		30EFC4B525447D09004E5B17 /* FSCalendarCollectionViewLayout.h */ = {isa = PBXFileReference; fileEncoding = 4; lastKnownFileType = sourcecode.c.h; path = FSCalendarCollectionViewLayout.h; sourceTree = "<group>"; };
		30EFC4B625447D09004E5B17 /* FSCalendarDynamicHeader.h */ = {isa = PBXFileReference; fileEncoding = 4; lastKnownFileType = sourcecode.c.h; path = FSCalendarDynamicHeader.h; sourceTree = "<group>"; };
		30EFC4B725447D09004E5B17 /* FSCalendarDelegationFactory.h */ = {isa = PBXFileReference; fileEncoding = 4; lastKnownFileType = sourcecode.c.h; path = FSCalendarDelegationFactory.h; sourceTree = "<group>"; };
		30EFC4B825447D09004E5B17 /* FSCalendarAppearance.h */ = {isa = PBXFileReference; fileEncoding = 4; lastKnownFileType = sourcecode.c.h; path = FSCalendarAppearance.h; sourceTree = "<group>"; };
		30EFC4B925447D09004E5B17 /* FSCalendarWeekdayView.m */ = {isa = PBXFileReference; fileEncoding = 4; lastKnownFileType = sourcecode.c.objc; path = FSCalendarWeekdayView.m; sourceTree = "<group>"; };
		30EFC4BA25447D09004E5B17 /* FSCalendarCell.h */ = {isa = PBXFileReference; fileEncoding = 4; lastKnownFileType = sourcecode.c.h; path = FSCalendarCell.h; sourceTree = "<group>"; };
		30EFC4BB25447D09004E5B17 /* FSCalendarCell.m */ = {isa = PBXFileReference; fileEncoding = 4; lastKnownFileType = sourcecode.c.objc; path = FSCalendarCell.m; sourceTree = "<group>"; };
		30EFC4BC25447D09004E5B17 /* FSCalendarSeparatorDecorationView.h */ = {isa = PBXFileReference; fileEncoding = 4; lastKnownFileType = sourcecode.c.h; path = FSCalendarSeparatorDecorationView.h; sourceTree = "<group>"; };
		30EFC4BD25447D0A004E5B17 /* FSCalendar.m */ = {isa = PBXFileReference; fileEncoding = 4; lastKnownFileType = sourcecode.c.objc; path = FSCalendar.m; sourceTree = "<group>"; };
		30EFC4BE25447D0A004E5B17 /* Info.plist */ = {isa = PBXFileReference; fileEncoding = 4; lastKnownFileType = text.plist.xml; path = Info.plist; sourceTree = "<group>"; };
		30EFC4BF25447D0A004E5B17 /* FSCalendarCalculator.h */ = {isa = PBXFileReference; fileEncoding = 4; lastKnownFileType = sourcecode.c.h; path = FSCalendarCalculator.h; sourceTree = "<group>"; };
		30EFC4C325447D0A004E5B17 /* FSCalendarHeaderView.h */ = {isa = PBXFileReference; fileEncoding = 4; lastKnownFileType = sourcecode.c.h; path = FSCalendarHeaderView.h; sourceTree = "<group>"; };
		30EFC4C425447D0A004E5B17 /* FSCalendarStickyHeader.h */ = {isa = PBXFileReference; fileEncoding = 4; lastKnownFileType = sourcecode.c.h; path = FSCalendarStickyHeader.h; sourceTree = "<group>"; };
		30EFC4C525447D0A004E5B17 /* FSCalendarDelegationProxy.h */ = {isa = PBXFileReference; fileEncoding = 4; lastKnownFileType = sourcecode.c.h; path = FSCalendarDelegationProxy.h; sourceTree = "<group>"; };
		30EFC4C625447D0A004E5B17 /* FSCalendarExtensions.m */ = {isa = PBXFileReference; fileEncoding = 4; lastKnownFileType = sourcecode.c.objc; path = FSCalendarExtensions.m; sourceTree = "<group>"; };
		30EFC4C725447D0A004E5B17 /* FSCalendarStickyHeader.m */ = {isa = PBXFileReference; fileEncoding = 4; lastKnownFileType = sourcecode.c.objc; path = FSCalendarStickyHeader.m; sourceTree = "<group>"; };
		30EFC4C825447D0A004E5B17 /* FSCalendarCalculator.m */ = {isa = PBXFileReference; fileEncoding = 4; lastKnownFileType = sourcecode.c.objc; path = FSCalendarCalculator.m; sourceTree = "<group>"; };
		30EFC4C925447D0A004E5B17 /* FSCalendarCollectionViewLayout.m */ = {isa = PBXFileReference; fileEncoding = 4; lastKnownFileType = sourcecode.c.objc; path = FSCalendarCollectionViewLayout.m; sourceTree = "<group>"; };
		30EFC4CA25447D0A004E5B17 /* FSCalendarConstants.m */ = {isa = PBXFileReference; fileEncoding = 4; lastKnownFileType = sourcecode.c.objc; path = FSCalendarConstants.m; sourceTree = "<group>"; };
		30EFC4CB25447D0A004E5B17 /* FSCalendarCollectionView.m */ = {isa = PBXFileReference; fileEncoding = 4; lastKnownFileType = sourcecode.c.objc; path = FSCalendarCollectionView.m; sourceTree = "<group>"; };
		30EFC4CC25447D0A004E5B17 /* FSCalendarTransitionCoordinator.m */ = {isa = PBXFileReference; fileEncoding = 4; lastKnownFileType = sourcecode.c.objc; path = FSCalendarTransitionCoordinator.m; sourceTree = "<group>"; };
		30EFC4CD25447D0A004E5B17 /* FSCalendarExtensions.h */ = {isa = PBXFileReference; fileEncoding = 4; lastKnownFileType = sourcecode.c.h; path = FSCalendarExtensions.h; sourceTree = "<group>"; };
		30EFC4CE25447D0A004E5B17 /* FSCalendarSeparatorDecorationView.m */ = {isa = PBXFileReference; fileEncoding = 4; lastKnownFileType = sourcecode.c.objc; path = FSCalendarSeparatorDecorationView.m; sourceTree = "<group>"; };
		30EFC4CF25447D0A004E5B17 /* FSCalendarHeaderView.m */ = {isa = PBXFileReference; fileEncoding = 4; lastKnownFileType = sourcecode.c.objc; path = FSCalendarHeaderView.m; sourceTree = "<group>"; };
		30EFC4D025447D0A004E5B17 /* FSCalendarTransitionCoordinator.h */ = {isa = PBXFileReference; fileEncoding = 4; lastKnownFileType = sourcecode.c.h; path = FSCalendarTransitionCoordinator.h; sourceTree = "<group>"; };
		30EFC4D125447D0A004E5B17 /* FSCalendarDelegationProxy.m */ = {isa = PBXFileReference; fileEncoding = 4; lastKnownFileType = sourcecode.c.objc; path = FSCalendarDelegationProxy.m; sourceTree = "<group>"; };
		30EFC4D225447D0A004E5B17 /* FSCalendarWeekdayView.h */ = {isa = PBXFileReference; fileEncoding = 4; lastKnownFileType = sourcecode.c.h; path = FSCalendarWeekdayView.h; sourceTree = "<group>"; };
		30EFC50E254480F6004E5B17 /* LaunchScreen.xib */ = {isa = PBXFileReference; fileEncoding = 4; lastKnownFileType = file.xib; path = LaunchScreen.xib; sourceTree = "<group>"; };
		30EFC5182544810D004E5B17 /* Main.storyboard */ = {isa = PBXFileReference; fileEncoding = 4; lastKnownFileType = file.storyboard; path = Main.storyboard; sourceTree = "<group>"; };
		30EFC52225448131004E5B17 /* Assignment.swift */ = {isa = PBXFileReference; fileEncoding = 4; lastKnownFileType = sourcecode.swift; path = Assignment.swift; sourceTree = "<group>"; };
/* End PBXFileReference section */

/* Begin PBXFrameworksBuildPhase section */
		30B23D50253673BF00CA919D /* Frameworks */ = {
			isa = PBXFrameworksBuildPhase;
			buildActionMask = 2147483647;
			files = (
			);
			runOnlyForDeploymentPostprocessing = 0;
		};
		30B23D61253673C000CA919D /* Frameworks */ = {
			isa = PBXFrameworksBuildPhase;
			buildActionMask = 2147483647;
			files = (
			);
			runOnlyForDeploymentPostprocessing = 0;
		};
		30B23D6C253673C000CA919D /* Frameworks */ = {
			isa = PBXFrameworksBuildPhase;
			buildActionMask = 2147483647;
			files = (
			);
			runOnlyForDeploymentPostprocessing = 0;
		};
/* End PBXFrameworksBuildPhase section */

/* Begin PBXGroup section */
		30A4F74B2542206400508D38 /* FSCalendar */ = {
			isa = PBXGroup;
			children = (
				30EFC4AD25447D09004E5B17 /* FSCalendar.h */,
				30EFC4BD25447D0A004E5B17 /* FSCalendar.m */,
				30EFC4B825447D09004E5B17 /* FSCalendarAppearance.h */,
				30EFC4B225447D09004E5B17 /* FSCalendarAppearance.m */,
				30EFC4BF25447D0A004E5B17 /* FSCalendarCalculator.h */,
				30EFC4C825447D0A004E5B17 /* FSCalendarCalculator.m */,
				30EFC4BA25447D09004E5B17 /* FSCalendarCell.h */,
				30EFC4BB25447D09004E5B17 /* FSCalendarCell.m */,
				30EFC4B125447D09004E5B17 /* FSCalendarCollectionView.h */,
				30EFC4CB25447D0A004E5B17 /* FSCalendarCollectionView.m */,
				30EFC4B525447D09004E5B17 /* FSCalendarCollectionViewLayout.h */,
				30EFC4C925447D0A004E5B17 /* FSCalendarCollectionViewLayout.m */,
				30EFC4B425447D09004E5B17 /* FSCalendarConstants.h */,
				30EFC4CA25447D0A004E5B17 /* FSCalendarConstants.m */,
				30EFC4B725447D09004E5B17 /* FSCalendarDelegationFactory.h */,
				30EFC4B325447D09004E5B17 /* FSCalendarDelegationFactory.m */,
				30EFC4C525447D0A004E5B17 /* FSCalendarDelegationProxy.h */,
				30EFC4D125447D0A004E5B17 /* FSCalendarDelegationProxy.m */,
				30EFC4B625447D09004E5B17 /* FSCalendarDynamicHeader.h */,
				30EFC4CD25447D0A004E5B17 /* FSCalendarExtensions.h */,
				30EFC4C625447D0A004E5B17 /* FSCalendarExtensions.m */,
				30EFC4C325447D0A004E5B17 /* FSCalendarHeaderView.h */,
				30EFC4CF25447D0A004E5B17 /* FSCalendarHeaderView.m */,
				30EFC4BC25447D09004E5B17 /* FSCalendarSeparatorDecorationView.h */,
				30EFC4CE25447D0A004E5B17 /* FSCalendarSeparatorDecorationView.m */,
				30EFC4C425447D0A004E5B17 /* FSCalendarStickyHeader.h */,
				30EFC4C725447D0A004E5B17 /* FSCalendarStickyHeader.m */,
				30EFC4D025447D0A004E5B17 /* FSCalendarTransitionCoordinator.h */,
				30EFC4CC25447D0A004E5B17 /* FSCalendarTransitionCoordinator.m */,
				30EFC4D225447D0A004E5B17 /* FSCalendarWeekdayView.h */,
				30EFC4B925447D09004E5B17 /* FSCalendarWeekdayView.m */,
				30EFC4BE25447D0A004E5B17 /* Info.plist */,
				30EFC4AA25447D08004E5B17 /* CoordApp-Bridging-Header.h */,
				30EFC4AB25447D08004E5B17 /* CoordAppTests-Bridging-Header.h */,
				30EFC4AC25447D08004E5B17 /* CoordAppUITests-Bridging-Header.h */,
			);
			path = FSCalendar;
			sourceTree = "<group>";
		};
		30B23D4A253673BF00CA919D = {
			isa = PBXGroup;
			children = (
				30A4F74B2542206400508D38 /* FSCalendar */,
				30B23D55253673BF00CA919D /* CoordApp */,
				30B23D67253673C000CA919D /* CoordAppTests */,
				30B23D72253673C000CA919D /* CoordAppUITests */,
				30B23D54253673BF00CA919D /* Products */,
			);
			sourceTree = "<group>";
		};
		30B23D54253673BF00CA919D /* Products */ = {
			isa = PBXGroup;
			children = (
				30B23D53253673BF00CA919D /* CoordApp.app */,
				30B23D64253673C000CA919D /* CoordAppTests.xctest */,
				30B23D6F253673C000CA919D /* CoordAppUITests.xctest */,
			);
			name = Products;
			sourceTree = "<group>";
		};
		30B23D55253673BF00CA919D /* CoordApp */ = {
			isa = PBXGroup;
			children = (
				30EFC52225448131004E5B17 /* Assignment.swift */,
				30B23D56253673BF00CA919D /* CoordAppApp.swift */,
				30B23D58253673BF00CA919D /* ContentView.swift */,
				30B23D5A253673C000CA919D /* Assets.xcassets */,
				30B23D5F253673C000CA919D /* Info.plist */,
				30EFC50E254480F6004E5B17 /* LaunchScreen.xib */,
				30EFC5182544810D004E5B17 /* Main.storyboard */,
				30B23D5C253673C000CA919D /* Preview Content */,
			);
			path = CoordApp;
			sourceTree = "<group>";
		};
		30B23D5C253673C000CA919D /* Preview Content */ = {
			isa = PBXGroup;
			children = (
				30B23D5D253673C000CA919D /* Preview Assets.xcassets */,
			);
			path = "Preview Content";
			sourceTree = "<group>";
		};
		30B23D67253673C000CA919D /* CoordAppTests */ = {
			isa = PBXGroup;
			children = (
				30B23D68253673C000CA919D /* CoordAppTests.swift */,
				30B23D6A253673C000CA919D /* Info.plist */,
			);
			path = CoordAppTests;
			sourceTree = "<group>";
		};
		30B23D72253673C000CA919D /* CoordAppUITests */ = {
			isa = PBXGroup;
			children = (
				30B23D73253673C000CA919D /* CoordAppUITests.swift */,
				30B23D75253673C000CA919D /* Info.plist */,
			);
			path = CoordAppUITests;
			sourceTree = "<group>";
		};
/* End PBXGroup section */

/* Begin PBXNativeTarget section */
		30B23D52253673BF00CA919D /* CoordApp */ = {
			isa = PBXNativeTarget;
			buildConfigurationList = 30B23D78253673C000CA919D /* Build configuration list for PBXNativeTarget "CoordApp" */;
			buildPhases = (
				30B23D4F253673BF00CA919D /* Sources */,
				30B23D50253673BF00CA919D /* Frameworks */,
				30B23D51253673BF00CA919D /* Resources */,
			);
			buildRules = (
			);
			dependencies = (
			);
			name = CoordApp;
			productName = CoordApp;
			productReference = 30B23D53253673BF00CA919D /* CoordApp.app */;
			productType = "com.apple.product-type.application";
		};
		30B23D63253673C000CA919D /* CoordAppTests */ = {
			isa = PBXNativeTarget;
			buildConfigurationList = 30B23D7B253673C000CA919D /* Build configuration list for PBXNativeTarget "CoordAppTests" */;
			buildPhases = (
				30B23D60253673C000CA919D /* Sources */,
				30B23D61253673C000CA919D /* Frameworks */,
				30B23D62253673C000CA919D /* Resources */,
			);
			buildRules = (
			);
			dependencies = (
				30B23D66253673C000CA919D /* PBXTargetDependency */,
			);
			name = CoordAppTests;
			productName = CoordAppTests;
			productReference = 30B23D64253673C000CA919D /* CoordAppTests.xctest */;
			productType = "com.apple.product-type.bundle.unit-test";
		};
		30B23D6E253673C000CA919D /* CoordAppUITests */ = {
			isa = PBXNativeTarget;
			buildConfigurationList = 30B23D7E253673C000CA919D /* Build configuration list for PBXNativeTarget "CoordAppUITests" */;
			buildPhases = (
				30B23D6B253673C000CA919D /* Sources */,
				30B23D6C253673C000CA919D /* Frameworks */,
				30B23D6D253673C000CA919D /* Resources */,
			);
			buildRules = (
			);
			dependencies = (
				30B23D71253673C000CA919D /* PBXTargetDependency */,
			);
			name = CoordAppUITests;
			productName = CoordAppUITests;
			productReference = 30B23D6F253673C000CA919D /* CoordAppUITests.xctest */;
			productType = "com.apple.product-type.bundle.ui-testing";
		};
/* End PBXNativeTarget section */

/* Begin PBXProject section */
		30B23D4B253673BF00CA919D /* Project object */ = {
			isa = PBXProject;
			attributes = {
				LastSwiftUpdateCheck = 1200;
				LastUpgradeCheck = 1200;
				TargetAttributes = {
					30B23D52253673BF00CA919D = {
						CreatedOnToolsVersion = 12.0.1;
						LastSwiftMigration = 1210;
					};
					30B23D63253673C000CA919D = {
						CreatedOnToolsVersion = 12.0.1;
						LastSwiftMigration = 1210;
						TestTargetID = 30B23D52253673BF00CA919D;
					};
					30B23D6E253673C000CA919D = {
						CreatedOnToolsVersion = 12.0.1;
						LastSwiftMigration = 1210;
						TestTargetID = 30B23D52253673BF00CA919D;
					};
				};
			};
			buildConfigurationList = 30B23D4E253673BF00CA919D /* Build configuration list for PBXProject "CoordApp" */;
			compatibilityVersion = "Xcode 9.3";
			developmentRegion = en;
			hasScannedForEncodings = 0;
			knownRegions = (
				en,
				Base,
			);
			mainGroup = 30B23D4A253673BF00CA919D;
			productRefGroup = 30B23D54253673BF00CA919D /* Products */;
			projectDirPath = "";
			projectRoot = "";
			targets = (
				30B23D52253673BF00CA919D /* CoordApp */,
				30B23D63253673C000CA919D /* CoordAppTests */,
				30B23D6E253673C000CA919D /* CoordAppUITests */,
			);
		};
/* End PBXProject section */

/* Begin PBXResourcesBuildPhase section */
		30B23D51253673BF00CA919D /* Resources */ = {
			isa = PBXResourcesBuildPhase;
			buildActionMask = 2147483647;
			files = (
				30EFC50F254480F6004E5B17 /* LaunchScreen.xib in Resources */,
				30EFC52C25448222004E5B17 /* CoordApp.app in Resources */,
				30EFC5192544810D004E5B17 /* Main.storyboard in Resources */,
				30B23D5E253673C000CA919D /* Preview Assets.xcassets in Resources */,
				30B23D5B253673C000CA919D /* Assets.xcassets in Resources */,
				30EFC4E225447D0B004E5B17 /* Info.plist in Resources */,
			);
			runOnlyForDeploymentPostprocessing = 0;
		};
		30B23D62253673C000CA919D /* Resources */ = {
			isa = PBXResourcesBuildPhase;
			buildActionMask = 2147483647;
			files = (
				30EFC51A2544810D004E5B17 /* Main.storyboard in Resources */,
				30EFC510254480F6004E5B17 /* LaunchScreen.xib in Resources */,
				30EFC4E325447D0B004E5B17 /* Info.plist in Resources */,
			);
			runOnlyForDeploymentPostprocessing = 0;
		};
		30B23D6D253673C000CA919D /* Resources */ = {
			isa = PBXResourcesBuildPhase;
			buildActionMask = 2147483647;
			files = (
				30EFC51B2544810D004E5B17 /* Main.storyboard in Resources */,
				30EFC511254480F6004E5B17 /* LaunchScreen.xib in Resources */,
				30EFC4E425447D0B004E5B17 /* Info.plist in Resources */,
			);
			runOnlyForDeploymentPostprocessing = 0;
		};
/* End PBXResourcesBuildPhase section */

/* Begin PBXSourcesBuildPhase section */
		30B23D4F253673BF00CA919D /* Sources */ = {
			isa = PBXSourcesBuildPhase;
			buildActionMask = 2147483647;
			files = (
				30EFC52325448131004E5B17 /* Assignment.swift in Sources */,
				30EFC4DC25447D0B004E5B17 /* FSCalendarCell.m in Sources */,
				30EFC4E825447D0B004E5B17 /* FSCalendarStickyHeader.m in Sources */,
				30EFC4DF25447D0B004E5B17 /* FSCalendar.m in Sources */,
				30EFC4F425447D0B004E5B17 /* FSCalendarCollectionView.m in Sources */,
				30EFC4EE25447D0B004E5B17 /* FSCalendarCollectionViewLayout.m in Sources */,
				30EFC4F125447D0B004E5B17 /* FSCalendarConstants.m in Sources */,
				30EFC4FA25447D0B004E5B17 /* FSCalendarSeparatorDecorationView.m in Sources */,
				30EFC4D325447D0A004E5B17 /* FSCalendarAppearance.m in Sources */,
				30EFC50025447D0B004E5B17 /* FSCalendarDelegationProxy.m in Sources */,
				30EFC4FD25447D0B004E5B17 /* FSCalendarHeaderView.m in Sources */,
				30B23D59253673BF00CA919D /* ContentView.swift in Sources */,
				30EFC4E525447D0B004E5B17 /* FSCalendarExtensions.m in Sources */,
				30EFC4EB25447D0B004E5B17 /* FSCalendarCalculator.m in Sources */,
				30EFC4F725447D0B004E5B17 /* FSCalendarTransitionCoordinator.m in Sources */,
				30EFC4D925447D0B004E5B17 /* FSCalendarWeekdayView.m in Sources */,
				30B23D57253673BF00CA919D /* CoordAppApp.swift in Sources */,
				30EFC4D625447D0B004E5B17 /* FSCalendarDelegationFactory.m in Sources */,
			);
			runOnlyForDeploymentPostprocessing = 0;
		};
		30B23D60253673C000CA919D /* Sources */ = {
			isa = PBXSourcesBuildPhase;
			buildActionMask = 2147483647;
			files = (
				30EFC52425448131004E5B17 /* Assignment.swift in Sources */,
				30EFC4D425447D0B004E5B17 /* FSCalendarAppearance.m in Sources */,
				30EFC4FE25447D0B004E5B17 /* FSCalendarHeaderView.m in Sources */,
				30EFC4D725447D0B004E5B17 /* FSCalendarDelegationFactory.m in Sources */,
				30EFC4EC25447D0B004E5B17 /* FSCalendarCalculator.m in Sources */,
				30EFC4F225447D0B004E5B17 /* FSCalendarConstants.m in Sources */,
				30EFC4E025447D0B004E5B17 /* FSCalendar.m in Sources */,
				30EFC4FB25447D0B004E5B17 /* FSCalendarSeparatorDecorationView.m in Sources */,
				30EFC50125447D0B004E5B17 /* FSCalendarDelegationProxy.m in Sources */,
				30EFC4E625447D0B004E5B17 /* FSCalendarExtensions.m in Sources */,
				30EFC4F825447D0B004E5B17 /* FSCalendarTransitionCoordinator.m in Sources */,
				30EFC4DA25447D0B004E5B17 /* FSCalendarWeekdayView.m in Sources */,
				30EFC4F525447D0B004E5B17 /* FSCalendarCollectionView.m in Sources */,
				30B23D69253673C000CA919D /* CoordAppTests.swift in Sources */,
				30EFC4E925447D0B004E5B17 /* FSCalendarStickyHeader.m in Sources */,
				30EFC4EF25447D0B004E5B17 /* FSCalendarCollectionViewLayout.m in Sources */,
				30EFC4DD25447D0B004E5B17 /* FSCalendarCell.m in Sources */,
			);
			runOnlyForDeploymentPostprocessing = 0;
		};
		30B23D6B253673C000CA919D /* Sources */ = {
			isa = PBXSourcesBuildPhase;
			buildActionMask = 2147483647;
			files = (
				30EFC52525448131004E5B17 /* Assignment.swift in Sources */,
				30EFC4D525447D0B004E5B17 /* FSCalendarAppearance.m in Sources */,
				30EFC4FF25447D0B004E5B17 /* FSCalendarHeaderView.m in Sources */,
				30EFC4D825447D0B004E5B17 /* FSCalendarDelegationFactory.m in Sources */,
				30EFC4ED25447D0B004E5B17 /* FSCalendarCalculator.m in Sources */,
				30EFC4F325447D0B004E5B17 /* FSCalendarConstants.m in Sources */,
				30EFC4E125447D0B004E5B17 /* FSCalendar.m in Sources */,
				30EFC4FC25447D0B004E5B17 /* FSCalendarSeparatorDecorationView.m in Sources */,
				30EFC50225447D0B004E5B17 /* FSCalendarDelegationProxy.m in Sources */,
				30EFC4E725447D0B004E5B17 /* FSCalendarExtensions.m in Sources */,
				30EFC4F925447D0B004E5B17 /* FSCalendarTransitionCoordinator.m in Sources */,
				30EFC4DB25447D0B004E5B17 /* FSCalendarWeekdayView.m in Sources */,
				30EFC4F625447D0B004E5B17 /* FSCalendarCollectionView.m in Sources */,
				30B23D74253673C000CA919D /* CoordAppUITests.swift in Sources */,
				30EFC4EA25447D0B004E5B17 /* FSCalendarStickyHeader.m in Sources */,
				30EFC4F025447D0B004E5B17 /* FSCalendarCollectionViewLayout.m in Sources */,
				30EFC4DE25447D0B004E5B17 /* FSCalendarCell.m in Sources */,
			);
			runOnlyForDeploymentPostprocessing = 0;
		};
/* End PBXSourcesBuildPhase section */

/* Begin PBXTargetDependency section */
		30B23D66253673C000CA919D /* PBXTargetDependency */ = {
			isa = PBXTargetDependency;
			target = 30B23D52253673BF00CA919D /* CoordApp */;
			targetProxy = 30B23D65253673C000CA919D /* PBXContainerItemProxy */;
		};
		30B23D71253673C000CA919D /* PBXTargetDependency */ = {
			isa = PBXTargetDependency;
			target = 30B23D52253673BF00CA919D /* CoordApp */;
			targetProxy = 30B23D70253673C000CA919D /* PBXContainerItemProxy */;
		};
/* End PBXTargetDependency section */

/* Begin XCBuildConfiguration section */
		30B23D76253673C000CA919D /* Debug */ = {
			isa = XCBuildConfiguration;
			buildSettings = {
				ALWAYS_SEARCH_USER_PATHS = NO;
				CLANG_ANALYZER_NONNULL = YES;
				CLANG_ANALYZER_NUMBER_OBJECT_CONVERSION = YES_AGGRESSIVE;
				CLANG_CXX_LANGUAGE_STANDARD = "gnu++14";
				CLANG_CXX_LIBRARY = "libc++";
				CLANG_ENABLE_MODULES = YES;
				CLANG_ENABLE_OBJC_ARC = YES;
				CLANG_ENABLE_OBJC_WEAK = YES;
				CLANG_WARN_BLOCK_CAPTURE_AUTORELEASING = YES;
				CLANG_WARN_BOOL_CONVERSION = YES;
				CLANG_WARN_COMMA = YES;
				CLANG_WARN_CONSTANT_CONVERSION = YES;
				CLANG_WARN_DEPRECATED_OBJC_IMPLEMENTATIONS = YES;
				CLANG_WARN_DIRECT_OBJC_ISA_USAGE = YES_ERROR;
				CLANG_WARN_DOCUMENTATION_COMMENTS = YES;
				CLANG_WARN_EMPTY_BODY = YES;
				CLANG_WARN_ENUM_CONVERSION = YES;
				CLANG_WARN_INFINITE_RECURSION = YES;
				CLANG_WARN_INT_CONVERSION = YES;
				CLANG_WARN_NON_LITERAL_NULL_CONVERSION = YES;
				CLANG_WARN_OBJC_IMPLICIT_RETAIN_SELF = YES;
				CLANG_WARN_OBJC_LITERAL_CONVERSION = YES;
				CLANG_WARN_OBJC_ROOT_CLASS = YES_ERROR;
				CLANG_WARN_QUOTED_INCLUDE_IN_FRAMEWORK_HEADER = YES;
				CLANG_WARN_RANGE_LOOP_ANALYSIS = YES;
				CLANG_WARN_STRICT_PROTOTYPES = YES;
				CLANG_WARN_SUSPICIOUS_MOVE = YES;
				CLANG_WARN_UNGUARDED_AVAILABILITY = YES_AGGRESSIVE;
				CLANG_WARN_UNREACHABLE_CODE = YES;
				CLANG_WARN__DUPLICATE_METHOD_MATCH = YES;
				COPY_PHASE_STRIP = NO;
				DEBUG_INFORMATION_FORMAT = dwarf;
				ENABLE_STRICT_OBJC_MSGSEND = YES;
				ENABLE_TESTABILITY = YES;
				GCC_C_LANGUAGE_STANDARD = gnu11;
				GCC_DYNAMIC_NO_PIC = NO;
				GCC_NO_COMMON_BLOCKS = YES;
				GCC_OPTIMIZATION_LEVEL = 0;
				GCC_PREPROCESSOR_DEFINITIONS = (
					"DEBUG=1",
					"$(inherited)",
				);
				GCC_WARN_64_TO_32_BIT_CONVERSION = YES;
				GCC_WARN_ABOUT_RETURN_TYPE = YES_ERROR;
				GCC_WARN_UNDECLARED_SELECTOR = YES;
				GCC_WARN_UNINITIALIZED_AUTOS = YES_AGGRESSIVE;
				GCC_WARN_UNUSED_FUNCTION = YES;
				GCC_WARN_UNUSED_VARIABLE = YES;
				IPHONEOS_DEPLOYMENT_TARGET = 14.0;
				MTL_ENABLE_DEBUG_INFO = INCLUDE_SOURCE;
				MTL_FAST_MATH = YES;
				ONLY_ACTIVE_ARCH = YES;
				SDKROOT = iphoneos;
				SWIFT_ACTIVE_COMPILATION_CONDITIONS = DEBUG;
				SWIFT_OPTIMIZATION_LEVEL = "-Onone";
			};
			name = Debug;
		};
		30B23D77253673C000CA919D /* Release */ = {
			isa = XCBuildConfiguration;
			buildSettings = {
				ALWAYS_SEARCH_USER_PATHS = NO;
				CLANG_ANALYZER_NONNULL = YES;
				CLANG_ANALYZER_NUMBER_OBJECT_CONVERSION = YES_AGGRESSIVE;
				CLANG_CXX_LANGUAGE_STANDARD = "gnu++14";
				CLANG_CXX_LIBRARY = "libc++";
				CLANG_ENABLE_MODULES = YES;
				CLANG_ENABLE_OBJC_ARC = YES;
				CLANG_ENABLE_OBJC_WEAK = YES;
				CLANG_WARN_BLOCK_CAPTURE_AUTORELEASING = YES;
				CLANG_WARN_BOOL_CONVERSION = YES;
				CLANG_WARN_COMMA = YES;
				CLANG_WARN_CONSTANT_CONVERSION = YES;
				CLANG_WARN_DEPRECATED_OBJC_IMPLEMENTATIONS = YES;
				CLANG_WARN_DIRECT_OBJC_ISA_USAGE = YES_ERROR;
				CLANG_WARN_DOCUMENTATION_COMMENTS = YES;
				CLANG_WARN_EMPTY_BODY = YES;
				CLANG_WARN_ENUM_CONVERSION = YES;
				CLANG_WARN_INFINITE_RECURSION = YES;
				CLANG_WARN_INT_CONVERSION = YES;
				CLANG_WARN_NON_LITERAL_NULL_CONVERSION = YES;
				CLANG_WARN_OBJC_IMPLICIT_RETAIN_SELF = YES;
				CLANG_WARN_OBJC_LITERAL_CONVERSION = YES;
				CLANG_WARN_OBJC_ROOT_CLASS = YES_ERROR;
				CLANG_WARN_QUOTED_INCLUDE_IN_FRAMEWORK_HEADER = YES;
				CLANG_WARN_RANGE_LOOP_ANALYSIS = YES;
				CLANG_WARN_STRICT_PROTOTYPES = YES;
				CLANG_WARN_SUSPICIOUS_MOVE = YES;
				CLANG_WARN_UNGUARDED_AVAILABILITY = YES_AGGRESSIVE;
				CLANG_WARN_UNREACHABLE_CODE = YES;
				CLANG_WARN__DUPLICATE_METHOD_MATCH = YES;
				COPY_PHASE_STRIP = NO;
				DEBUG_INFORMATION_FORMAT = "dwarf-with-dsym";
				ENABLE_NS_ASSERTIONS = NO;
				ENABLE_STRICT_OBJC_MSGSEND = YES;
				GCC_C_LANGUAGE_STANDARD = gnu11;
				GCC_NO_COMMON_BLOCKS = YES;
				GCC_WARN_64_TO_32_BIT_CONVERSION = YES;
				GCC_WARN_ABOUT_RETURN_TYPE = YES_ERROR;
				GCC_WARN_UNDECLARED_SELECTOR = YES;
				GCC_WARN_UNINITIALIZED_AUTOS = YES_AGGRESSIVE;
				GCC_WARN_UNUSED_FUNCTION = YES;
				GCC_WARN_UNUSED_VARIABLE = YES;
				IPHONEOS_DEPLOYMENT_TARGET = 14.0;
				MTL_ENABLE_DEBUG_INFO = NO;
				MTL_FAST_MATH = YES;
				SDKROOT = iphoneos;
				SWIFT_COMPILATION_MODE = wholemodule;
				SWIFT_OPTIMIZATION_LEVEL = "-O";
				VALIDATE_PRODUCT = YES;
			};
			name = Release;
		};
		30B23D79253673C000CA919D /* Debug */ = {
			isa = XCBuildConfiguration;
			buildSettings = {
				ASSETCATALOG_COMPILER_APPICON_NAME = AppIcon;
				ASSETCATALOG_COMPILER_GLOBAL_ACCENT_COLOR_NAME = AccentColor;
				CLANG_ENABLE_MODULES = YES;
				CODE_SIGN_STYLE = Automatic;
				DEVELOPMENT_ASSET_PATHS = "\"CoordApp/Preview Content\"";
				ENABLE_PREVIEWS = YES;
				INFOPLIST_FILE = CoordApp/Info.plist;
				IPHONEOS_DEPLOYMENT_TARGET = 14.0;
				LD_RUNPATH_SEARCH_PATHS = (
					"$(inherited)",
					"@executable_path/Frameworks",
				);
				PRODUCT_BUNDLE_IDENTIFIER = softeng.CoordApp;
				PRODUCT_NAME = "$(TARGET_NAME)";
				SWIFT_OBJC_BRIDGING_HEADER = "FSCalendar/CoordApp-Bridging-Header.h";
				SWIFT_OPTIMIZATION_LEVEL = "-Onone";
				SWIFT_VERSION = 5.0;
				TARGETED_DEVICE_FAMILY = "1,2";
			};
			name = Debug;
		};
		30B23D7A253673C000CA919D /* Release */ = {
			isa = XCBuildConfiguration;
			buildSettings = {
				ASSETCATALOG_COMPILER_APPICON_NAME = AppIcon;
				ASSETCATALOG_COMPILER_GLOBAL_ACCENT_COLOR_NAME = AccentColor;
				CLANG_ENABLE_MODULES = YES;
				CODE_SIGN_STYLE = Automatic;
				DEVELOPMENT_ASSET_PATHS = "\"CoordApp/Preview Content\"";
				ENABLE_PREVIEWS = YES;
				INFOPLIST_FILE = CoordApp/Info.plist;
				IPHONEOS_DEPLOYMENT_TARGET = 14.0;
				LD_RUNPATH_SEARCH_PATHS = (
					"$(inherited)",
					"@executable_path/Frameworks",
				);
				PRODUCT_BUNDLE_IDENTIFIER = softeng.CoordApp;
				PRODUCT_NAME = "$(TARGET_NAME)";
				SWIFT_OBJC_BRIDGING_HEADER = "FSCalendar/CoordApp-Bridging-Header.h";
				SWIFT_VERSION = 5.0;
				TARGETED_DEVICE_FAMILY = "1,2";
			};
			name = Release;
		};
		30B23D7C253673C000CA919D /* Debug */ = {
			isa = XCBuildConfiguration;
			buildSettings = {
				ALWAYS_EMBED_SWIFT_STANDARD_LIBRARIES = YES;
				BUNDLE_LOADER = "$(TEST_HOST)";
				CLANG_ENABLE_MODULES = YES;
				CODE_SIGN_STYLE = Automatic;
				INFOPLIST_FILE = CoordAppTests/Info.plist;
				IPHONEOS_DEPLOYMENT_TARGET = 14.0;
				LD_RUNPATH_SEARCH_PATHS = (
					"$(inherited)",
					"@executable_path/Frameworks",
					"@loader_path/Frameworks",
				);
				PRODUCT_BUNDLE_IDENTIFIER = softeng.CoordAppTests;
				PRODUCT_NAME = "$(TARGET_NAME)";
				SWIFT_OBJC_BRIDGING_HEADER = "FSCalendar/CoordAppTests-Bridging-Header.h";
				SWIFT_OPTIMIZATION_LEVEL = "-Onone";
				SWIFT_VERSION = 5.0;
				TARGETED_DEVICE_FAMILY = "1,2";
				TEST_HOST = "$(BUILT_PRODUCTS_DIR)/CoordApp.app/CoordApp";
			};
			name = Debug;
		};
		30B23D7D253673C000CA919D /* Release */ = {
			isa = XCBuildConfiguration;
			buildSettings = {
				ALWAYS_EMBED_SWIFT_STANDARD_LIBRARIES = YES;
				BUNDLE_LOADER = "$(TEST_HOST)";
				CLANG_ENABLE_MODULES = YES;
				CODE_SIGN_STYLE = Automatic;
				INFOPLIST_FILE = CoordAppTests/Info.plist;
				IPHONEOS_DEPLOYMENT_TARGET = 14.0;
				LD_RUNPATH_SEARCH_PATHS = (
					"$(inherited)",
					"@executable_path/Frameworks",
					"@loader_path/Frameworks",
				);
				PRODUCT_BUNDLE_IDENTIFIER = softeng.CoordAppTests;
				PRODUCT_NAME = "$(TARGET_NAME)";
				SWIFT_OBJC_BRIDGING_HEADER = "FSCalendar/CoordAppTests-Bridging-Header.h";
				SWIFT_VERSION = 5.0;
				TARGETED_DEVICE_FAMILY = "1,2";
				TEST_HOST = "$(BUILT_PRODUCTS_DIR)/CoordApp.app/CoordApp";
			};
			name = Release;
		};
		30B23D7F253673C000CA919D /* Debug */ = {
			isa = XCBuildConfiguration;
			buildSettings = {
				ALWAYS_EMBED_SWIFT_STANDARD_LIBRARIES = YES;
				CLANG_ENABLE_MODULES = YES;
				CODE_SIGN_STYLE = Automatic;
				INFOPLIST_FILE = CoordAppUITests/Info.plist;
				LD_RUNPATH_SEARCH_PATHS = (
					"$(inherited)",
					"@executable_path/Frameworks",
					"@loader_path/Frameworks",
				);
				PRODUCT_BUNDLE_IDENTIFIER = softeng.CoordAppUITests;
				PRODUCT_NAME = "$(TARGET_NAME)";
				SWIFT_OBJC_BRIDGING_HEADER = "FSCalendar/CoordAppUITests-Bridging-Header.h";
				SWIFT_OPTIMIZATION_LEVEL = "-Onone";
				SWIFT_VERSION = 5.0;
				TARGETED_DEVICE_FAMILY = "1,2";
				TEST_TARGET_NAME = CoordApp;
			};
			name = Debug;
		};
		30B23D80253673C000CA919D /* Release */ = {
			isa = XCBuildConfiguration;
			buildSettings = {
				ALWAYS_EMBED_SWIFT_STANDARD_LIBRARIES = YES;
				CLANG_ENABLE_MODULES = YES;
				CODE_SIGN_STYLE = Automatic;
				INFOPLIST_FILE = CoordAppUITests/Info.plist;
				LD_RUNPATH_SEARCH_PATHS = (
					"$(inherited)",
					"@executable_path/Frameworks",
					"@loader_path/Frameworks",
				);
				PRODUCT_BUNDLE_IDENTIFIER = softeng.CoordAppUITests;
				PRODUCT_NAME = "$(TARGET_NAME)";
				SWIFT_OBJC_BRIDGING_HEADER = "FSCalendar/CoordAppUITests-Bridging-Header.h";
				SWIFT_VERSION = 5.0;
				TARGETED_DEVICE_FAMILY = "1,2";
				TEST_TARGET_NAME = CoordApp;
			};
			name = Release;
		};
/* End XCBuildConfiguration section */

/* Begin XCConfigurationList section */
		30B23D4E253673BF00CA919D /* Build configuration list for PBXProject "CoordApp" */ = {
			isa = XCConfigurationList;
			buildConfigurations = (
				30B23D76253673C000CA919D /* Debug */,
				30B23D77253673C000CA919D /* Release */,
			);
			defaultConfigurationIsVisible = 0;
			defaultConfigurationName = Release;
		};
		30B23D78253673C000CA919D /* Build configuration list for PBXNativeTarget "CoordApp" */ = {
			isa = XCConfigurationList;
			buildConfigurations = (
				30B23D79253673C000CA919D /* Debug */,
				30B23D7A253673C000CA919D /* Release */,
			);
			defaultConfigurationIsVisible = 0;
			defaultConfigurationName = Release;
		};
		30B23D7B253673C000CA919D /* Build configuration list for PBXNativeTarget "CoordAppTests" */ = {
			isa = XCConfigurationList;
			buildConfigurations = (
				30B23D7C253673C000CA919D /* Debug */,
				30B23D7D253673C000CA919D /* Release */,
			);
			defaultConfigurationIsVisible = 0;
			defaultConfigurationName = Release;
		};
		30B23D7E253673C000CA919D /* Build configuration list for PBXNativeTarget "CoordAppUITests" */ = {
			isa = XCConfigurationList;
			buildConfigurations = (
				30B23D7F253673C000CA919D /* Debug */,
				30B23D80253673C000CA919D /* Release */,
			);
			defaultConfigurationIsVisible = 0;
			defaultConfigurationName = Release;
		};
/* End XCConfigurationList section */
	};
	rootObject = 30B23D4B253673BF00CA919D /* Project object */;
}
